# THIS IS AN AUTOGENERATED FILE. DO NOT EDIT THIS FILE DIRECTLY.
assets/antique-chestnut-2100.png:
  development: 2018-08-06T17:30:39-04:00   b01693cf70edd54a9986fb5777d48809
assets/antique-espresso-915.png:
  development: 2018-08-06T17:30:38-04:00   eca2c6b466c74f7b4469785da417456b
assets/antique-walnut-267.png:
  development: 2018-08-06T17:30:41-04:00   5b7a6c15520f04dc9417fd468262470e
assets/antique-white-122.png:
  development: 2018-08-06T17:30:39-04:00   79795a9a27d7de9cad2b083c67581ee9
assets/aqua-347.png:
  development: 2018-08-06T17:30:40-04:00   5c4d630f8341885e099a5c4f2e3c40cf
assets/autumn-berry-608.png:
  development: 2018-08-06T17:30:40-04:00   782605e756cb9184ba2ea1c8996fb637
assets/bc-sf-filter-lib.js:
  development: 2018-08-06T17:30:39-04:00
assets/bc-sf-filter-loading.gif:
  development: 2018-08-06T17:30:42-04:00
assets/bc-sf-filter-no-image.gif:
  development: 2018-08-06T17:30:41-04:00
assets/bc-sf-filter-sprite.png:
  development: 2018-08-06T17:30:42-04:00
assets/bc-sf-filter.css:
  development: 2018-08-06T17:30:43-04:00
assets/bc-sf-filter.js:
  development: 2018-08-06T17:30:50-04:00
assets/beige-250.png:
  development: 2018-08-06T17:30:44-04:00   ce455856aa52939f26db1919956bff60
assets/beige-276.png:
  development: 2018-08-06T17:30:44-04:00   ce455856aa52939f26db1919956bff60
assets/beige-with-Ecru-Welt-923.png:
  development: 2018-08-06T17:30:45-04:00   520075fcecb4d63586c25e2cb62533e0
assets/beige.png:
  development: 2018-08-06T17:30:43-04:00   ce455856aa52939f26db1919956bff60
assets/betony-cherry-627.png:
  development: 2018-08-06T17:30:46-04:00   c271ee1ff449d4aef4fbea97e2a2077c
assets/bianca-130.png:
  development: 2018-08-06T17:30:46-04:00   c6bbb8aa13d70bfa4a5a4f97352ff9c9
assets/bianca-white-(130).png:
  development: 2018-08-06T12:21:10-04:00
assets/bianca-white-130.png:
  development: 2018-08-06T12:21:10-04:00   c6bbb8aa13d70bfa4a5a4f97352ff9c9
assets/bianca-with-animal-motif-1303-2.png:
  development: 2018-08-06T17:30:47-04:00   7697f8b944f63cc182f49fc0b13f6bd5
assets/bianca-with-aqua-134.png:
  development: 2018-08-06T17:30:47-04:00   1901dc06d5862a19f462b7cd9e24095d
assets/bianca-with-black-117.png:
  development: 2018-08-06T17:30:48-04:00   06c9b140e736cb9ddea3b9fbfd8102d2
assets/bianca-with-dark-chocolate-137.png:
  development: 2018-08-06T17:30:49-04:00   29d2ca283e99eb85ced49e410b205833
assets/bianca-with-ebony-149.png:
  development: 2018-08-06T17:30:49-04:00   06c9b140e736cb9ddea3b9fbfd8102d2
assets/bianca-with-grey-166.png:
  development: 2018-08-06T17:30:49-04:00   bb7362133967a4748c0f618838ca76d1
assets/bianca-with-rustic-ebony-135.png:
  development: 2018-08-06T17:30:50-04:00   350dae2baf362a0cdb7283e0c9b440e2
assets/bianca-with-rustic-haze-136.png:
  development: 2018-08-06T17:30:45-04:00   c4fa82bb850cc395c83a9f5d19c26b87
assets/black-001.png:
  development: 2018-08-06T17:30:51-04:00   062a65da06437809fc13b454b15d17d8
assets/black-cherry-607.png:
  development: 2018-08-06T17:30:52-04:00   911a3be6c1c52d85528f3cf998d034d1
assets/black-cherry-espresso-607-1.png:
  development: 2018-08-06T17:30:52-04:00   c41755743f02cdd90563acb65dbd8e75
assets/black-cherry-espresso-607.png:
  development: 2018-08-06T17:30:52-04:00   c41755743f02cdd90563acb65dbd8e75
assets/black-cherry-espresso-taupe-607.png:
  development: 2018-08-06T12:21:11-04:00   a37b03d6031bb9cc42949f65b5df5060
assets/black-cherry-espresso-taupe-6070.png:
  development: 2018-08-06T17:30:54-04:00   a37b03d6031bb9cc42949f65b5df5060
assets/black-espresso-907.png:
  development: 2018-08-06T17:30:53-04:00   4ea2725d471cd743b6ef57466081db7f
assets/black-espresso-1907.png:
  development: 2018-08-06T17:30:53-04:00   4ea2725d471cd743b6ef57466081db7f
assets/black-espresso-beige-916.png:
  development: 2018-08-06T17:30:55-04:00   19410595367f9995df06402adadf3600
assets/black-espresso-with-white-918.png:
  development: 2018-08-06T17:30:55-04:00   06c9b140e736cb9ddea3b9fbfd8102d2
assets/black.png:
  development: 2018-08-06T17:30:57-04:00   062a65da06437809fc13b454b15d17d8
assets/blue-velvet-469.png:
  development: 2018-08-06T17:30:56-04:00   11579b026d50eeb8d22041d1ff78a1e9
assets/blush-636.png:
  development: 2018-08-06T17:30:56-04:00   50597ca736c64199a75a80762bea9a57
assets/blush-velvet-631.png:
  development: 2018-08-06T17:30:57-04:00   bc3f3949f6bc644b468d1bdd9575dfd4
assets/cabernet-648.png:
  development: 2018-08-06T17:30:54-04:00   832e8b50fb45fc8ee73b923cdb89bd57
assets/caffe-247.png:
  development: 2018-08-06T17:31:02-04:00   a5a2780cfbe681085b58c0e356c8f883
assets/caramel-233.png:
  development: 2018-08-06T17:30:59-04:00   13099af96f3b5ebafefe0e7667e70624
assets/cart-popup.css:
  development: 2018-08-06T12:21:11-04:00   b5f2d2a5ec703230de2efe7633629a14
assets/cawheretobuy.css:
  development: 2018-08-06T12:21:11-04:00   4907bd4c855d471dcb798a62c2849182
assets/charcoal-029.png:
  development: 2018-08-06T17:30:59-04:00   58e186634f6b6ba3a80928b724b9b750
assets/charcoal-931.png:
  development: 2018-08-06T17:30:59-04:00   9bd2480e53a8fda4ff91a299b5d38468
assets/charcoal-grey-029.png:
  development: 2018-08-06T17:31:00-04:00   f678b3f4fd569c58bf8c11636ea09560
assets/charcoal-grey-931.png:
  development: 2018-08-06T17:31:00-04:00   9bd2480e53a8fda4ff91a299b5d38468
assets/charcoal-grey-1323.png:
  development: 2018-08-06T17:31:01-04:00   f678b3f4fd569c58bf8c11636ea09560
assets/charcoal-with-flax-welt-1305.png:
  development: 2018-08-06T17:31:01-04:00   7df366b57a268d0317ac5e725b5c24cb
assets/cherry-rose-245.png:
  development: 2018-08-06T17:31:02-04:00   0b5c3aabd4f59cb3f3f2bf7de5d7baff
assets/cherry-taupe-646.png:
  development: 2018-08-06T17:30:58-04:00   1db7e31b38a427af73dfe1f3e23d4ac1
assets/chestnut-227.png:
  development: 2018-08-06T17:31:03-04:00   b3cbaafef89a4f06517c112f3765ee02
assets/chestnut-601.png:
  development: 2018-08-06T17:31:03-04:00   b3cbaafef89a4f06517c112f3765ee02
assets/chocolate-204.png:
  development: 2018-08-06T17:31:06-04:00   1fbd5d5d4e3562ec9c79d0c89ef0c0d0
assets/chocolate-beige-249.png:
  development: 2018-08-06T17:31:04-04:00   9e7390ccf44e13219a4616dece93e28a
assets/classic-grey-026.png:
  development: 2018-08-06T17:31:05-04:00   4709a00265c285661c3d097e6bfd190d
assets/classic-grey-028.png:
  development: 2018-08-06T17:31:05-04:00   b7f2dd55487211e53ee7e2db79115250
assets/cocoa-258.png:
  development: 2018-08-06T17:31:06-04:00   d74c1c727f6944dfccb81871036d5cab
assets/cocoa-with-beige-welt-911.png:
  development: 2018-08-06T17:31:04-04:00   9bb18b8dd11c6abefedad879c511f5d7
assets/collection-filter.css:
  development: 2018-08-14T10:10:49-04:00   559f33d85bbac7d6685cd59ba3bdc3dd
assets/collection.css:
  development: 2018-08-13T09:44:50-04:00   4d5adae7109c023ed33b11571e96118d
assets/collection.js:
  development: 2018-08-06T12:21:11-04:00   c3e3ec85d9059bae17180362ddc74421
assets/cool-grey-063.png:
  development: 2018-08-06T17:31:07-04:00   30fb05b1175daa60699dcc291f69e74b
assets/crafted-grey-1333.png:
  development: 2018-08-06T17:31:07-04:00   6604d3fe1c0a9b00531aecf0684ac9d5
assets/crafted-limestone-1334.png:
  development: 2018-08-06T17:31:08-04:00   7c5d980508490e8fc92a7b21ad05b278
assets/cream-743.png:
  development: 2018-08-06T17:31:08-04:00   e851690e6359595abc94a514df0f4617
assets/custom-styles.css.liquid:
  development: 2018-08-08T13:43:39-04:00   1b64b53f30e8fcd16517a537d1a49c00
assets/dark-chocolate-(207).png:
  development: 2018-08-06T12:21:11-04:00
assets/dark-chocolate-207.png:
  development: 2018-08-06T12:21:11-04:00   dd5d345d7c43ae84ee7302435d36b20d
assets/dark-chocolate-207ST.png:
  development: 2018-08-06T17:33:48-04:00   dd5d345d7c43ae84ee7302435d36b20d
assets/dark-espresso-958.png:
  development: 2018-08-06T17:33:49-04:00   749c48eb9024142383cf17e52e0ae560
assets/dark-grey-3101.png:
  development: 2018-08-06T17:33:47-04:00   f62c7ccbc5fda61308700760a1cf11c8
assets/dove-grey-034.png:
  development: 2018-08-06T17:33:47-04:00   1a5f08f13cf69996bf50e0a09f714042
assets/dove-grey-036.png:
  development: 2018-08-06T17:33:49-04:00   175016621af973f27522b7274eb54c7b
assets/dove-grey-058.png:
  development: 2018-08-06T17:33:46-04:00   175016621af973f27522b7274eb54c7b
assets/dove-grey-with-soft-grey-welt-036.png:
  development: 2018-08-06T17:33:50-04:00   28964d02a169984e49683d2d74624a22
assets/ebony-0011.png:
  development: 2018-08-06T17:33:48-04:00   c970dde3058b209db0ffa28eedc37123
assets/ecru-277.png:
  development: 2018-08-06T17:33:51-04:00   2ed90d1a3d491a7bed9f117c351f681c
assets/espresso-cherry-205.png:
  development: 2018-08-06T17:34:01-04:00   66c6399f17d6e59f8ea53ce7347d1c32
assets/espresso-java-645.png:
  development: 2018-08-06T17:33:51-04:00   1e50489acc83ae3c18211fc7d962b7e0
assets/espresso-latte-243.png:
  development: 2018-08-06T17:33:52-04:00   0932579b4f4fa832cb46da534a50afef
assets/espresso-truffle-208.png:
  development: 2018-08-06T17:33:52-04:00   1ef8178ceb37b85b11afed9c450d61e9
assets/flax-710.png:
  development: 2018-08-06T17:33:53-04:00   9bac5685003d1d0ca53e13150eb3252e
assets/footer.css:
  development: 2018-08-06T12:21:12-04:00   2f0ed59fcca86f41d687882f1ae98f48
assets/french-grey-1304.png:
  development: 2018-08-06T17:33:53-04:00   9f7f846212d222b5bb177af61096a776
assets/french-roast-219.png:
  development: 2018-08-06T17:33:54-04:00   f59dd68b42c0d4950be7e16c4a9d99af
assets/frozen-blue-483.png:
  development: 2018-08-06T17:33:54-04:00   bb8b800850a6ea88c27f6d887a01c60e
assets/frozen-blue-with-cream-welt-499.png:
  development: 2018-08-06T17:33:55-04:00   d5d668c2a6e27dfac3dd74037a08a026
assets/fuchsia.png:
  development: 2018-08-06T17:33:55-04:00   91ee8fa1792c93b3858d749f7178a5eb
assets/graphite-018.png:
  development: 2018-08-06T17:33:56-04:00   bc146d07752fe2b8ee12c319fffa69ce
assets/graphite-with-dove-grey-welt-944.png:
  development: 2018-08-06T17:33:56-04:00   d2aac6f9e43ae00190c7242270b51207
assets/graphite-with-dove-welt-944.png:
  development: 2018-08-06T17:33:57-04:00   500151f43397b5df12a9bb51e10abaf3
assets/grey-(026).png:
  development: 2018-08-06T12:21:12-04:00
assets/grey-(026)0.png:
  development: 2018-08-06T17:33:57-04:00
assets/grey-026.png:
  development: 2018-08-06T12:21:12-04:00   175016621af973f27522b7274eb54c7b
assets/grey-081.png:
  development: 2018-08-06T17:33:58-04:00   e15fdd79a64dd120689f07e5b1d446e9
assets/grey-180.png:
  development: 2018-08-06T17:33:59-04:00   e15fdd79a64dd120689f07e5b1d446e9
assets/grey-0260.png:
  development: 2018-08-06T17:33:58-04:00   175016621af973f27522b7274eb54c7b
assets/grey-velvet-950.png:
  development: 2018-08-06T17:34:16-04:00   690723535d49b878a353a02a305750c1
assets/handlebars-v4.0.5.js:
  development: 2018-08-06T15:51:14-04:00   ec8c7f2f60babab98304587a03325e92
assets/header-footer-popup.js:
  development: 2018-08-06T12:21:12-04:00   a3dc125e22f3688aadbd83f34046e05b
assets/heather-grey-053.png:
  development: 2018-08-06T17:34:00-04:00   e85a798dd9a435a79ed3d3951424f25c
assets/heather-grey-1304.png:
  development: 2018-08-06T17:33:59-04:00   e85a798dd9a435a79ed3d3951424f25c
assets/heather-grey-1304E.png:
  development: 2018-08-06T17:34:05-04:00   49c5dabb73932857b59404cc37b01b89
assets/home.css:
  development: 2018-08-06T12:21:12-04:00   018fefc2238acd523371bfe5c7c294fb
assets/home.js:
  development: 2018-08-06T12:21:13-04:00   ed147526d2b890518cc3ee05b32d8e71
assets/icomoon.eot:
  development: 2018-08-06T12:21:13-04:00   8611a34adadfd64842ac10137b219909
assets/icomoon.ttf:
  development: 2018-08-06T12:21:13-04:00   f2d275a57ae2df48514294f6e7f740fe
assets/icomoon.woff:
  development: 2018-08-06T12:21:13-04:00   e14a5fdaa9345bbc6a902ca2c4760b72
assets/icomoon.woff2:
  development: 2018-08-06T12:21:13-04:00   3f5fde210a45b39de56772e6904709d3
assets/iframeResizer.min.js:
  development: 2018-08-06T12:21:13-04:00   d75f9c117dc22f8a870925f1f121f0ce
assets/infinity-light-grey-063.png:
  development: 2018-08-06T17:34:00-04:00   cd9616a25a974f017225ce943df78e72
assets/jsmodal.css:
  development: 2018-08-06T12:21:14-04:00   1aa9e8b7b56cef3fefe1d7ccd44bb628
assets/labrosse-cherry-26.png:
  development: 2018-08-06T17:34:14-04:00   a821288aef9b366bd9c91db55bc2421a
assets/labrosse-cherry-602.png:
  development: 2018-08-06T17:34:16-04:00   a821288aef9b366bd9c91db55bc2421a
assets/lagoon-428.png:
  development: 2018-08-06T17:34:03-04:00   83ad2caaa4a12d75adb839389078a5e3
assets/lazysizes.min.js:
  development: 2018-08-06T12:21:14-04:00   0742614dd05c43ab46792e5bb7a8b765
assets/libs.js:
  development: 2018-08-06T12:21:14-04:00   8db136818d4843cead6f52b79ac95b7c
assets/linen-150.png:
  development: 2018-08-06T17:34:13-04:00   e19fdf8bc9270c9766369331bb1137ff
assets/linen-with-dark-chocolate-frame-1325.png:
  development: 2018-08-06T17:34:03-04:00   e19fdf8bc9270c9766369331bb1137ff
assets/load-ring.gif:
  development: 2018-08-10T15:17:10-04:00   718241e6ce40f6174771b0e7c30e8562
assets/lotus-pink-936.png:
  development: 2018-08-06T17:34:01-04:00   7d06f1eab18e37f7758dde552b3ff217
assets/mag_popup.css:
  development: 2018-08-06T12:21:14-04:00   1e80b627f6e1d2534e511c7244f03deb
assets/mag_popup.js:
  development: 2018-08-06T12:21:15-04:00   72ef33db997ed60b077d2b175a9448a0
assets/merlot-615.png:
  development: 2018-08-06T17:34:06-04:00   be24976e84c660af47fb4e0a8d2fe900
assets/midnight-cherry-613.png:
  development: 2018-08-06T17:34:11-04:00   506bbccab58243ac5e890c09dc1c6ad5
assets/mist-934.png:
  development: 2018-08-06T17:34:12-04:00   e5a1e0447914df26fedf184b79df428a
assets/mist-with-dark-chocolate-frame-1326.png:
  development: 2018-08-06T17:34:08-04:00   e5a1e0447914df26fedf184b79df428a
assets/misty-blue-1330.png:
  development: 2018-08-06T17:34:04-04:00   8d78de19ae29bea42f648ee03eae5324
assets/modernizr.min.js:
  development: 2018-08-06T12:21:15-04:00   45d421a3aa3ee66c6306fe91d992bb46
assets/molasses-226.png:
  development: 2018-08-06T17:34:05-04:00   b1672c16690c703d8d84d76690b2d6fc
assets/natural-260.png:
  development: 2018-08-06T17:34:09-04:00   e7c70d33d441e7688ec920d8a0491c1a
assets/natural-wheat-296.png:
  development: 2018-08-06T17:34:09-04:00   52c46864fd2ce5cabcede1a5680d7520
assets/navy-404.png:
  development: 2018-08-06T17:34:11-04:00   71f1b6a107fc0be2efbe9603cc4d607d
assets/navy-467.png:
  development: 2018-08-06T17:34:17-04:00   169841b9d24a0ea22f8d4cbe884523ef
assets/nursery-banner.css:
  development: 2018-08-06T12:21:15-04:00   80b34a3cefdaa8bec6c80015c157cae9
assets/panda-swatches.css:
  development: 2018-08-06T15:50:17-04:00   636a73f8ac5a47343f8b1c5d91a5fad9
assets/password-page-background.jpg:
  development: 2018-08-06T12:21:15-04:00   9d774ca21e919afe239de7df6db37c3b
assets/pebble-brown-920.png:
  development: 2018-08-06T17:34:13-04:00   a6a1c388817ebe97fa4d3bca77545763
assets/pink.png:
  development: 2018-08-06T17:34:10-04:00   4fac146967e1f73e8a4a226a48787ec4
assets/product.css:
  development: 2018-08-06T12:21:16-04:00   f6ad662ed3071e4508c56f3ec8b7d4d0
assets/product.js:
  development: 2018-08-06T12:21:16-04:00   3d56381ae6f301a57ee1166d20fd3198
assets/product_filter.js:
  development: 2018-08-14T09:45:05-04:00   eb71fbe0b2a0e5f50c134dc7061fd051
assets/purple.png:
  development: 2018-08-06T17:34:02-04:00   ed254131e22a3f826c10f69bcb79486c
assets/rustic-bianca-170.png:
  development: 2018-08-06T17:34:06-04:00   86aa5d8034337ec3677db1775db930a4
assets/rustic-ebony-935.png:
  development: 2018-08-06T17:34:04-04:00   979c072b93388c93c563fd6bcc5a7f91
assets/rustic-grey-084.png:
  development: 2018-08-06T17:34:15-04:00   7cd5760ca3ad5a217c97d78856f4e0b9
assets/rustic-haze-940.png:
  development: 2018-08-06T17:34:07-04:00   4106c657ba07cb3c6ddf79366c790dfb
assets/rustic-oak-229.png:
  development: 2018-08-06T17:34:16-04:00   612a6665e854d2d88e76a01f507c388d
assets/rustic-white-119.png:
  development: 2018-08-06T17:34:12-04:00   602e81505a66bafad4327b56bc395f8f
assets/rustic-whitewash-112.png:
  development: 2018-08-06T17:34:14-04:00   602e81505a66bafad4327b56bc395f8f
assets/rustic-whitewash-112ST.png:
  development: 2018-08-06T17:34:08-04:00   602e81505a66bafad4327b56bc395f8f
assets/rustic-whitewash-229.png:
  development: 2018-08-06T17:34:02-04:00   602e81505a66bafad4327b56bc395f8f
assets/sage-chevron-316.png:
  development: 2018-08-06T17:34:07-04:00   db0367100ac4b120a2cbb19823880630
assets/sailor-blue-424.png:
  development: 2018-08-06T17:34:10-04:00   1cfd60e7fb2e56c93fd483a159afd8ba
assets/sand-274.png:
  development: 2018-08-06T17:33:51-04:00   9701f2adef5ef8b4d119eceaf805df9c
assets/sand-921.png:
  development: 2018-08-06T17:34:19-04:00   46d968098ce6d805e116c45acb14522a
assets/script.js.liquid:
  development: 2018-08-08T15:31:29-04:00   c1961f1e31b1aa0130c9411714a09f8d
assets/sea-breeze-465.png:
  development: 2018-08-06T17:34:17-04:00   97d7327914b6beafcbeb468776b52525
assets/serta-bianca-130ST.png:
  development: 2018-08-06T17:34:19-04:00   20ee834fa742696400bf31a59645c4d1
assets/serta-dark-chocolate-207ST.png:
  development: 2018-08-06T17:34:18-04:00   d9a88720194883bd5633b00e9bd2777a
assets/serta-grey-026ST.png:
  development: 2018-08-06T17:34:20-04:00   800f0f7efc9372de12d2d79ddf8951ae
assets/serta-rustic-oak-229ST.png:
  development: 2018-08-06T17:34:21-04:00   8064683a6fc57efc1825fcd48fdbbd52
assets/sisal-727.png:
  development: 2018-08-06T17:34:20-04:00   1e182f71a17209fe74ee665d8ba033b7
assets/sisal-with-dark-chocolate-frame-1327.png:
  development: 2018-08-06T17:34:21-04:00   1e182f71a17209fe74ee665d8ba033b7
assets/spiced-cinnamon-209.png:
  development: 2018-08-06T17:34:20-04:00   48f7b697f8297a4c791161edb7c06283
assets/stained-grey-054.png:
  development: 2018-08-06T17:34:22-04:00   46479e3cb59d4cea5f3f34614f138761
assets/steel-blue-426.png:
  development: 2018-08-06T17:34:22-04:00   89db4383d17acceb39e3c8da0020350b
assets/storm-161.png:
  development: 2018-08-06T17:34:23-04:00   8399f4c687179fa4e2b70a2d740fa594
assets/superfields_definitions.json:
  development: 2018-08-06T12:21:17-04:00   be1a459e7dd646ad0af6c1b37ec3fbb7
assets/sweet-grey-3101.png:
  development: 2018-08-06T17:34:25-04:00   6ddbe0b85356ee4d89c6ff80d553534e
assets/taupe-065.png:
  development: 2018-08-06T17:34:23-04:00   de570bb123eaf56d81d315db3369e2c6
assets/theme.scss.liquid:
  development: 2018-08-13T10:04:22-04:00   4e66474318f4f7cc75398fab7337ce9e
assets/toast-velvet-932.png:
  development: 2018-08-06T17:34:24-04:00   a54738eaac1fd85bcefbe05eb572f100
assets/twilight-grey-076.png:
  development: 2018-08-06T17:34:24-04:00   26619b70ef64e37f1f657d771284e045
assets/variantSkuInfo.js:
  development: 2018-08-06T12:21:18-04:00   41e5cfcacef99e6bd20952be5c54be2b
assets/vintage-cherry-20.png:
  development: 2018-08-06T17:34:25-04:00   2f3e350803e89beace5065afae783435
assets/vintage-cherry-238.png:
  development: 2018-08-06T17:34:26-04:00   2f3e350803e89beace5065afae783435
assets/vintage-espresso-616.png:
  development: 2018-08-06T17:34:27-04:00   005afd9a86cb10ea9a0bab053ac525e8
assets/vintage-espresso-915.png:
  development: 2018-08-06T17:34:28-04:00   005afd9a86cb10ea9a0bab053ac525e8
assets/vintage-espresso-taupe-616.png:
  development: 2018-08-06T17:34:26-04:00   36e489ea1e724919db44ded92ce46e35
assets/vintage-white-120.png:
  development: 2018-08-06T17:34:29-04:00   86aa5d8034337ec3677db1775db930a4
assets/walnut-1316.png:
  development: 2018-08-06T17:34:28-04:00   bc8b3db768b28a9e06e01c5a3ea0078d
assets/walnut-espresso-1324.png:
  development: 2018-08-06T17:34:29-04:00   eaee08cdcd087e85f20048b8990e0300
assets/warm-honey-251.png:
  development: 2018-08-06T17:34:28-04:00   fcb14567f0d854bed7e866f0c8c6afb5
assets/warm-honey-black-925.png:
  development: 2018-08-06T17:34:30-04:00   60ada1aa7db50e35a9d694f7aba0b011
assets/weathered-chestnut-223.png:
  development: 2018-08-06T17:34:32-04:00   b01b8cda92fdb127d52ccc36e5d12042
assets/white-100.png:
  development: 2018-08-06T17:34:30-04:00   19d2f6dadf4b71791efe491f13a15a9f
assets/white-114.png:
  development: 2018-08-06T17:34:31-04:00   86aa5d8034337ec3677db1775db930a4
assets/white-130.png:
  development: 2018-08-06T17:34:32-04:00   86aa5d8034337ec3677db1775db930a4
assets/white-ambiance-108.png:
  development: 2018-08-06T17:34:33-04:00   0766403f38948566f965740a58a408cb
assets/white-ambiance-dark-chocolate-127.png:
  development: 2018-08-06T17:34:32-04:00   4b311db3f6d3ebdb04d6817bb81967d6
assets/white-dark-chocolate-141.png:
  development: 2018-08-06T17:34:33-04:00   29d2ca283e99eb85ced49e410b205833
assets/white-espresso-145.png:
  development: 2018-08-06T17:34:34-04:00   29d2ca283e99eb85ced49e410b205833
assets/white-grey-027.png:
  development: 2018-08-06T17:34:34-04:00   bb7362133967a4748c0f618838ca76d1
assets/white-grey-066.png:
  development: 2018-08-06T17:34:35-04:00   be0a1f95ea373ba8d9fcab550b7e7989
assets/white-toast-100.png:
  development: 2018-08-06T17:34:35-04:00   cf9d15e8db480cb132b5d99313077668
assets/white-warm-mist-266.png:
  development: 2018-08-06T17:34:36-04:00   569e4e4754dd27b0f067fe3ea98f0aee
assets/white-with-black-espresso-141.png:
  development: 2018-08-06T17:34:36-04:00   29d2ca283e99eb85ced49e410b205833
config/settings_data.json:
  development: 2018-08-06T12:21:22-04:00   e062d625ad1f5ccf3b85a44844dc368a
config/settings_schema.json:
  development: 2018-08-06T12:21:21-04:00   6a8edc1a6f42e94e62fb9b36c9b4198e
layout/minimal.liquid:
  development: 2018-08-06T12:21:18-04:00   38a4856746ba7d55dba0d43d218c4fdc
layout/theme.liquid:
  development: 2018-08-08T18:35:58-04:00   d15c51eeb9a12a6a199f0be9ee1e6782
locales/en.default.json:
  development: 2018-08-06T12:21:18-04:00   2750fb69cb0220c43e694519e7267eb5
locales/fr.json:
  development: 2018-08-06T12:21:18-04:00   ed09b76e3023ebd24839a7e7e03ae4ea
sections/blog-template.liquid:
  development: 2018-08-06T12:21:09-04:00   531414731f2fab8cde066acd566d8620
sections/cart-recommended-products.liquid:
  development: 2018-08-06T12:21:09-04:00   2b254dc887fc99c782cd603c34dc23f0
sections/cart-template.liquid:
  development: 2018-08-06T12:21:09-04:00   714d81c1fdc37b6a974c82467caaf614
sections/collection-list.liquid:
  development: 2018-08-09T17:17:27-04:00   7f2f06ab781ef0b73aaf6eadb3a56daf
sections/collection-template.liquid:
  development: 2018-08-13T12:50:32-04:00   97a596cadb228a93d83f5115f771db6e
sections/custom-html.liquid:
  development: 2018-08-06T12:21:09-04:00   037c975a962425380aff89c59be934da
sections/featured-article.liquid:
  development: 2018-08-06T15:13:58-04:00   e7237d25a1b1b8b20b30c1c1c1a92b36
sections/featured-collection.liquid:
  development: 2018-08-06T15:15:38-04:00   51e9cf828c30f435e8f5029284cc63df
sections/featured-product.liquid:
  development: 2018-08-06T12:21:09-04:00   e1e527b0ffbc60c0d51b9ae66450e41d
sections/featured-video.liquid:
  development: 2018-08-06T12:21:09-04:00   0497ac873e6982a046a4583e32dc6816
sections/footer.liquid:
  development: 2018-08-06T12:21:09-04:00   1f0670f3d5d0bba258426d4695b96c7e
sections/header.liquid:
  development: 2018-08-06T12:21:09-04:00   148165062cb1d71db13814b8c2f9ce0b
sections/home-slideshow.liquid:
  development: 2018-08-06T12:21:09-04:00   a049037fdacb01a77535cd579850f356
sections/instagram-feed.liquid:
  development: 2018-08-06T12:21:09-04:00   567f379cbfaf50abea447b83bc57c63b
sections/list-collections-template.liquid:
  development: 2018-08-06T12:21:09-04:00   85730e151549c685c9be36cdb2eb72d3
sections/map.liquid:
  development: 2018-08-06T12:21:09-04:00   92cad884ce772ea7c82911f47d40569e
sections/newsletter.liquid:
  development: 2018-08-06T12:21:09-04:00   0dfafdf9e62c7ab17fb391cc9446c3fd
sections/page-faq-template.liquid:
  development: 2018-08-06T12:21:10-04:00   c6105f1977df7b4e1c4dd71e94edc273
sections/password-template.liquid:
  development: 2018-08-06T12:21:10-04:00   063e9b6171fb4a91fc3a8a48c213b71e
sections/popup.liquid:
  development: 2018-08-06T12:21:10-04:00   63e6ca7ead9b3a60ff697ff1b21101c4
sections/product-features.liquid:
  development: 2018-08-06T12:21:10-04:00   a90449cfe403943af3c131842a3e6c88
sections/product-template.liquid:
  development: 2018-08-06T12:21:10-04:00   81cda303f4d9813dc5322d8372f2ae39
sections/related-products.liquid:
  development: 2018-08-06T12:21:10-04:00   0d8387308b3eecaf56921177e97e1884
sections/rich-text.liquid:
  development: 2018-08-06T12:21:10-04:00   ce89f75d2a54b96504349ee62267efc1
sections/search-template.liquid:
  development: 2018-08-06T12:21:10-04:00   d9f33d74266f0336bb6b9d4a2bde9cf2
snippets/branding.liquid:
  development: 2018-08-06T12:21:18-04:00   47b406322658b0c4642f4f8574dd748f
snippets/bundle-links.liquid:
  development: 2018-08-06T12:21:18-04:00   18b0e7a8c845943022883714d5a3ff3c
snippets/collection-filter.liquid:
  development: 2018-08-06T12:21:18-04:00
snippets/collection-filters.liquid:
  development: 2018-08-08T14:16:18-04:00   afd6721b20ade8d99b7234097e83a4be
snippets/collection-item.liquid:
  development: 2018-08-06T12:21:18-04:00   d306029218f5a37bfe86881969d49782
snippets/currency-selector.liquid:
  development: 2018-08-06T12:21:18-04:00   54a1e591c57af78fb514087231ee20e6
snippets/custom_filter.liquid:
  development: 2018-08-10T16:50:55-04:00   3493de025afa85923c3252ae6a00d15f
snippets/form-errors.liquid:
  development: 2018-08-06T12:21:18-04:00   517f9f4cb97dfc183b1d5ec59afc8688
snippets/google-fonts.liquid:
  development: 2018-08-06T12:21:18-04:00   853bf09e38679a1dc11db55090e83e8d
snippets/header-actions.liquid:
  development: 2018-08-06T12:21:18-04:00   ebc04dc39639a43e0a108c073981aa59
snippets/header-desktop-nav.liquid:
  development: 2018-08-06T12:21:18-04:00   05206cd18ba349f3168954285e928fe2
snippets/header-footer-popup.liquid:
  development: 2018-08-06T12:21:18-04:00   88f68b6a66b365d6ba748a42b1b1e279
snippets/header-mini-cart.liquid:
  development: 2018-08-06T12:21:19-04:00   bb04883bba90cf858a0a330a8debdbe3
snippets/header-search.liquid:
  development: 2018-08-06T12:21:19-04:00   6ea124133fcd97909f3f6bd1de9afc3c
snippets/header-sidebar-nav.liquid:
  development: 2018-08-06T12:21:19-04:00   4714d86851d1bd7d75c9bcf541e35a8a
snippets/home-page-new.liquid:
  development: 2018-08-06T12:21:19-04:00   787b6fd2c9b5feeefe4c6350cf3f9154
snippets/home-v1.liquid:
  development: 2018-08-06T12:21:19-04:00   98cdaae7582a61f5cfeace75abd0dccf
snippets/icon.liquid:
  development: 2018-08-06T12:21:19-04:00   882f7748a32ac8eba45a4e7d9e7090aa
snippets/image-size.liquid:
  development: 2018-08-06T12:21:19-04:00   865e83f9b94888e2154848f35665f181
snippets/insta-footer.liquid:
  development: 2018-08-06T12:21:19-04:00   e0022ec8871b04d461130e06543995dc
snippets/microdata-schema.liquid:
  development: 2018-08-06T12:21:19-04:00   dee15b0d383ec860e2ef556bbb69ae2d
snippets/mobileHeader.liquid:
  development: 2018-08-06T12:21:19-04:00
snippets/nav-collection.liquid:
  development: 2018-08-06T12:21:19-04:00   4c6e72952a75d50eebaa17a6f277a77b
snippets/nav-structure.liquid:
  development: 2018-08-06T12:21:19-04:00   fe99fd831652edda229a6ad411c11460
snippets/pagination-numbered.liquid:
  development: 2018-08-10T15:40:38-04:00   5a5de5d3ad90bcffc9cdf6ad91df8fb9
snippets/pagination.liquid:
  development: 2018-08-06T12:21:19-04:00   ee6a54b7218e5e5264c90ce7a1419401
snippets/path-footer.liquid:
  development: 2018-08-06T12:21:19-04:00   08f6298ca83079904fec84657033fcfb
snippets/pop-up-right-tab.liquid:
  development: 2018-08-06T12:21:19-04:00   48fc6861970c2264338e289708217ba5
snippets/product-form.liquid:
  development: 2018-08-06T12:21:19-04:00   bc1c8b5ad848dfa706c6a475423fa9a3
snippets/product-info.liquid:
  development: 2018-08-06T12:21:19-04:00   13140573b2805d03dd902887f87ce10a
snippets/product-item.liquid:
  development: 2018-08-06T12:21:19-04:00   b663c57155afda271106e3f787583630
snippets/product-meta.liquid:
  development: 2018-08-06T12:21:19-04:00   38353fa684da05365d443f2ac427a4d1
snippets/product-tabs.liquid:
  development: 2018-08-06T12:21:19-04:00   0d7be8c58207e9584155cc2ba4dfc37e
snippets/seo-collections.liquid:
  development: 2018-08-06T12:21:19-04:00   ecdef3dfdf519cf08af0bc6e98ddb5d4
snippets/share-buttons.liquid:
  development: 2018-08-06T12:21:20-04:00   a3ad0b7d7cf5c61a9830aaaeb2ac696f
snippets/shipping-estimator.liquid:
  development: 2018-08-06T12:21:20-04:00   a7866ab3dd10c37e142c3e7ff74ce2e7
snippets/social-media.liquid:
  development: 2018-08-06T12:21:20-04:00   71c620e508d870bb61cf73f8f45c1afd
snippets/social-meta-tags.liquid:
  development: 2018-08-06T12:21:20-04:00   1adc05d7ae2072095d865a8496a0fd2d
snippets/socialMediaHome.liquid:
  development: 2018-08-06T12:21:20-04:00
snippets/svg-icons.liquid:
  development: 2018-08-06T12:21:20-04:00   f82461704bdb72196212576fff063e68
snippets/variant-option-properties.liquid:
  development: 2018-08-06T12:21:20-04:00   af390ba96cd24887400a7eb0701ae892
snippets/widget-social-links.liquid:
  development: 2018-08-06T12:21:20-04:00   72de48d77d29724f28658ce6ae728ff0
snippets/wtb-modal.liquid:
  development: 2018-08-06T12:21:20-04:00   6e8ee8f04601b0f2027f5fdb2dc17a54
templates/404.liquid:
  development: 2018-08-06T12:21:20-04:00   e937cc6a981bd90f3c219489c7becb7c
templates/article.liquid:
  development: 2018-08-06T12:21:20-04:00   f2d8970d80f929f833c6ac18ab19462e
templates/blog.liquid:
  development: 2018-08-06T12:21:20-04:00   91c2d9d1599982d4c708d47bf5fc6716
templates/cart.liquid:
  development: 2018-08-06T12:21:20-04:00   6afe38809d861f7083fbaa61667c4eeb
templates/cart.mini-cart.liquid:
  development: 2018-08-06T12:21:20-04:00   58536b1046229725b3ec330989d0de79
templates/collection.liquid:
  development: 2018-08-14T10:01:46-04:00   ebd8c2868d325d115b888afaee626609
templates/customers/account.liquid:
  development: 2018-08-06T12:21:20-04:00   45893842e1fb7c545212fe88324db094
templates/customers/activate_account.liquid:
  development: 2018-08-06T12:21:21-04:00   c95b2cf889eb203e6efc9f0166592ee5
templates/customers/addresses.liquid:
  development: 2018-08-06T12:21:21-04:00   28baf99345a3d166edb208b0defe432d
templates/customers/login.liquid:
  development: 2018-08-06T12:21:21-04:00   fefea4705163914d6067107b3bcb6618
templates/customers/order.liquid:
  development: 2018-08-06T12:21:21-04:00   8c4e8fac38d62c6a4022e5c0e6c09ca5
templates/customers/register.liquid:
  development: 2018-08-06T12:21:21-04:00   c2f568d32930fc41b41211e9b9d7d2f7
templates/customers/reset_password.liquid:
  development: 2018-08-06T12:21:21-04:00   5c6b7a51053f0d59f32e8ec5c52f735b
templates/gift_card.liquid:
  development: 2018-08-06T12:21:21-04:00   b8c09431bc1bb02f59187092d367fbf9
templates/index.liquid:
  development: 2018-08-06T12:21:21-04:00   63188d538786a05eeab38608ee4ac1db
templates/list-collections.liquid:
  development: 2018-08-06T12:21:21-04:00   7c9b54020705d65d4949bc8c93676576
templates/page.collections.liquid:
  development: 2018-08-06T12:21:21-04:00   de39fde9e66458bc57d6f988c805b812
templates/page.contact.liquid:
  development: 2018-08-06T12:21:21-04:00   dc3e138310b4d06107e18c821479ed02
templates/page.faq.liquid:
  development: 2018-08-06T12:21:21-04:00   7e05442097da7d6227a697adc826d0ee
templates/page.liquid:
  development: 2018-08-06T12:21:21-04:00   e4218b53d269926b7ec1b553fcb4506d
templates/page.wide.liquid:
  development: 2018-08-06T12:21:21-04:00   cebcb95feea58e7354eb08bf0791e818
templates/password.liquid:
  development: 2018-08-06T12:21:21-04:00   dc7abee9805294fb52f95c52a3d61896
templates/product.liquid:
  development: 2018-08-06T12:21:21-04:00   eb5ac2a446a15169787616c164d8a77e
templates/product.pre-order.liquid:
  development: 2018-08-06T12:21:21-04:00   c1d7d73df572770c2f138b1f1a2dddff
templates/search.json.liquid:
  development: 2018-08-06T12:21:21-04:00   7bef300076d4ccba8c35ff27f74e38af
templates/search.liquid:
  development: 2018-08-06T12:21:21-04:00   b9c2a18a9e065d672a760ef44459f6e7
